
Microsoft Visual Studio Solution File, Format Version 12.00
# Visual Studio 2015
Project("{FAE04EC0-301F-11D3-BF4B-00C04F79EFBC}") = "HoloLensETC", "HoloLensETC.csproj", "{426A8A29-3422-5480-6EA4-6D75F6518ABC}"
EndProject
Project("{FAE04EC0-301F-11D3-BF4B-00C04F79EFBC}") = "HoloLensETC.Editor", "HoloLensETC.Editor.csproj", "{5184EB85-5DD4-79FA-61CF-B7C486215633}"
EndProject
Global
	GlobalSection(SolutionConfigurationPlatforms) = preSolution
		Debug|Any CPU = Debug|Any CPU
		Release|Any CPU = Release|Any CPU
	EndGlobalSection
	GlobalSection(ProjectConfigurationPlatforms) = postSolution
		{426A8A29-3422-5480-6EA4-6D75F6518ABC}.Debug|Any CPU.ActiveCfg = Debug|Any CPU
		{426A8A29-3422-5480-6EA4-6D75F6518ABC}.Debug|Any CPU.Build.0 = Debug|Any CPU
		{426A8A29-3422-5480-6EA4-6D75F6518ABC}.Release|Any CPU.ActiveCfg = Release|Any CPU
		{426A8A29-3422-5480-6EA4-6D75F6518ABC}.Release|Any CPU.Build.0 = Release|Any CPU
		{5184EB85-5DD4-79FA-61CF-B7C486215633}.Debug|Any CPU.ActiveCfg = Debug|Any CPU
		{5184EB85-5DD4-79FA-61CF-B7C486215633}.Debug|Any CPU.Build.0 = Debug|Any CPU
		{5184EB85-5DD4-79FA-61CF-B7C486215633}.Release|Any CPU.ActiveCfg = Release|Any CPU
		{5184EB85-5DD4-79FA-61CF-B7C486215633}.Release|Any CPU.Build.0 = Release|Any CPU
	EndGlobalSection
	GlobalSection(SolutionProperties) = preSolution
		HideSolutionNode = FALSE
	EndGlobalSection
EndGlobal
